github.com/gohugoio/hugo-mod-jslibs-dist/popperjs/v2 v2.21100.20000 h1:GZxx4Hc+yb0/t3/rau1j8XlAxLE4CyXns2fqQbyqWfs=
github.com/gohugoio/hugo-mod-jslibs-dist/popperjs/v2 v2.21100.20000/go.mod h1:mFberT6ZtcchrsDtfvJM7aAH2bDKLdOnruUHl0hlapI=
github.com/hugolify/hugolify-netlify-cms v1.8.2 h1:a0+t8x9Ptj16JNKceyu7GChqDIlNOUuV+kUR9Uyo74U=
github.com/hugolify/hugolify-netlify-cms v1.8.2/go.mod h1:Q7HNXBxIatKmA+mlG+3HbWUYApZnftOwFz6kevyg/HU=
github.com/hugolify/hugolify-theme v1.7.37 h1:PwyjOnHbiLWN/EVEz0LYHzj+kks7l9WQ+Ntpo+zwSf0=
github.com/hugolify/hugolify-theme v1.7.37/go.mod h1:yDbH6g0BJAqjueFrZ13u2lC9gWsYuKDFjQirn805zvo=
github.com/hugolify/hugolify-theme-persons v1.3.6 h1:s9ZZMTSHZOyhklBF++LWutbQVsnCa6pJDBMzYxSkHO4=
github.com/hugolify/hugolify-theme-persons v1.3.6/go.mod h1:LjjY/5pEDk2r3URTU8xS7Sango4D4K9ExU0+OaJwOUA=
github.com/hugolify/hugolify-theme-persons-statutes v1.1.2 h1:l1UaXuqCwCIlLBT/QjpMA0LF8odkbcYsSeajJK7i3vY=
github.com/hugolify/hugolify-theme-persons-statutes v1.1.2/go.mod h1:S+aQocqFtsLpYC+6t8IYGY95YHYvcPFovzVe61XEqMc=
github.com/hugolify/hugolify-theme-publications v1.2.0 h1:1Ss0D1h/2mp7gC8ndTfoUZ8263Wthilq67ytevgKzBw=
github.com/hugolify/hugolify-theme-publications v1.2.0/go.mod h1:9hR8/sdinGo6o4DJpZMTdP1I8XYwUUq585WmeU1zwH8=
github.com/hugolify/hugolify-theme-publications-concerned v1.0.14 h1:Y9PivyPIowFYI8h3Z7HNK10txJNcK4vt70liIb46lB0=
github.com/hugolify/hugolify-theme-publications-concerned v1.0.14/go.mod h1:SAxYCXVsDJ5lUHU/YRrTIVWATehPwdy9a1VHhmUP5dw=
github.com/hugolify/lawyerify-netlify-cms v1.2.1 h1:UF0bbNM3BtS2db8Jk4N+MAB7NkOdLKpKptLvHY74xwY=
github.com/hugolify/lawyerify-netlify-cms v1.2.1/go.mod h1:y+9gvNPS+vnkLlKpjKNMMtdhEOuV+hlX/48VL8tBcRk=
github.com/hugolify/lawyerify-theme v1.3.4 h1:B16aUwFif1J6e5jvDSK452QCeMv1x5LdsvAVEmbXA2s=
github.com/hugolify/lawyerify-theme v1.3.4/go.mod h1:/gEZGRHrgKI/hpj3r+917MKDZOtUsIAd4YSf06/hxTI=
github.com/twbs/bootstrap v5.3.1+incompatible h1:VZq/ulwa2CvsK7F9LFzkCVLzaCkTYOVyW5c3FBICUsM=
github.com/twbs/bootstrap v5.3.1+incompatible/go.mod h1:fZTSrkpSf0/HkL0IIJzvVspTt1r9zuf7XlZau8kpcY0=
