github.com/gohugoio/hugo-mod-jslibs-dist/popperjs/v2 v2.21100.20000 h1:GZxx4Hc+yb0/t3/rau1j8XlAxLE4CyXns2fqQbyqWfs=
github.com/gohugoio/hugo-mod-jslibs-dist/popperjs/v2 v2.21100.20000/go.mod h1:mFberT6ZtcchrsDtfvJM7aAH2bDKLdOnruUHl0hlapI=
github.com/hugolify/hugolify-netlify-cms v1.2.7 h1:FPeTf7xYE1Jyir8svE6y52YRsh19wA3iv6BIVbJ2/Ek=
github.com/hugolify/hugolify-netlify-cms v1.2.7/go.mod h1:Q7HNXBxIatKmA+mlG+3HbWUYApZnftOwFz6kevyg/HU=
github.com/hugolify/hugolify-theme v1.6.9 h1:CPDNNNPzI5iSNmll5fSXYCXI/DqIL1yIOETT715L92M=
github.com/hugolify/hugolify-theme v1.6.9/go.mod h1:yDbH6g0BJAqjueFrZ13u2lC9gWsYuKDFjQirn805zvo=
github.com/hugolify/hugolify-theme-persons v1.1.3 h1:WUToIHVorYHLbsbMF2UJQd7ptRrZ3XUsIPCiGH9APCs=
github.com/hugolify/hugolify-theme-persons v1.1.3/go.mod h1:LjjY/5pEDk2r3URTU8xS7Sango4D4K9ExU0+OaJwOUA=
github.com/hugolify/hugolify-theme-persons-statutes v1.1.0 h1:mzYVwV+kLnBgRZiYmIqqDFZmNWkVTVgH0K78Rk6hx7E=
github.com/hugolify/hugolify-theme-persons-statutes v1.1.0/go.mod h1:S+aQocqFtsLpYC+6t8IYGY95YHYvcPFovzVe61XEqMc=
github.com/hugolify/hugolify-theme-publications v1.1.17 h1:Hcoo9h28La95FfMulFPxPzbx+n3iitZc/pjkRiN0v+Q=
github.com/hugolify/hugolify-theme-publications v1.1.17/go.mod h1:9hR8/sdinGo6o4DJpZMTdP1I8XYwUUq585WmeU1zwH8=
github.com/hugolify/hugolify-theme-publications-concerned v1.0.11 h1:6zOVAvE7cl+D8FD/UtUI8bRewypqHoTg6u3iIPr9Ros=
github.com/hugolify/hugolify-theme-publications-concerned v1.0.11/go.mod h1:SAxYCXVsDJ5lUHU/YRrTIVWATehPwdy9a1VHhmUP5dw=
github.com/hugolify/lawyerify-netlify-cms v1.0.9 h1:upBWCxQcbZe+YCzbpDheT5zefXtJ0nUEJ9QKGZ3wXhQ=
github.com/hugolify/lawyerify-netlify-cms v1.0.9/go.mod h1:y+9gvNPS+vnkLlKpjKNMMtdhEOuV+hlX/48VL8tBcRk=
github.com/hugolify/lawyerify-theme v1.0.8 h1:Gw8odWy1RrN5b4rnPRrFYhGnt9ZQ3gz+HxHIuj/47rU=
github.com/hugolify/lawyerify-theme v1.0.8/go.mod h1:/gEZGRHrgKI/hpj3r+917MKDZOtUsIAd4YSf06/hxTI=
github.com/twbs/bootstrap v5.3.0+incompatible h1:4+staADO0OrqUv77m+XL+vHYojLH9oxb4Vxi9mnIJWg=
github.com/twbs/bootstrap v5.3.0+incompatible/go.mod h1:fZTSrkpSf0/HkL0IIJzvVspTt1r9zuf7XlZau8kpcY0=
