github.com/gohugoio/hugo-mod-jslibs-dist/popperjs/v2 v2.21100.20000 h1:GZxx4Hc+yb0/t3/rau1j8XlAxLE4CyXns2fqQbyqWfs=
github.com/gohugoio/hugo-mod-jslibs-dist/popperjs/v2 v2.21100.20000/go.mod h1:mFberT6ZtcchrsDtfvJM7aAH2bDKLdOnruUHl0hlapI=
github.com/hugolify/hugolify-netlify-cms v1.4.1 h1:1u8SbJHnHghYabhieZm4Rt/lyKhDQPVz/jbOZ3pnkHU=
github.com/hugolify/hugolify-netlify-cms v1.4.1/go.mod h1:Q7HNXBxIatKmA+mlG+3HbWUYApZnftOwFz6kevyg/HU=
github.com/hugolify/hugolify-theme v1.7.7 h1:4rbKjl78ZtzWPaFDOaCWKl7NxcqrVROqdLP4eSW/S3o=
github.com/hugolify/hugolify-theme v1.7.7/go.mod h1:yDbH6g0BJAqjueFrZ13u2lC9gWsYuKDFjQirn805zvo=
github.com/hugolify/hugolify-theme-persons v1.2.1 h1:j+D8NsJLfxDIJEP5yXTsoSBYGptdDniTvto1MGfD/PM=
github.com/hugolify/hugolify-theme-persons v1.2.1/go.mod h1:LjjY/5pEDk2r3URTU8xS7Sango4D4K9ExU0+OaJwOUA=
github.com/hugolify/hugolify-theme-persons-statutes v1.1.0 h1:mzYVwV+kLnBgRZiYmIqqDFZmNWkVTVgH0K78Rk6hx7E=
github.com/hugolify/hugolify-theme-persons-statutes v1.1.0/go.mod h1:S+aQocqFtsLpYC+6t8IYGY95YHYvcPFovzVe61XEqMc=
github.com/hugolify/hugolify-theme-publications v1.1.18 h1:aKlz+ZrCwlxNY3T2I5x7KF7pn4N0044fVr1sZ6vAJ9w=
github.com/hugolify/hugolify-theme-publications v1.1.18/go.mod h1:9hR8/sdinGo6o4DJpZMTdP1I8XYwUUq585WmeU1zwH8=
github.com/hugolify/hugolify-theme-publications-concerned v1.0.11 h1:6zOVAvE7cl+D8FD/UtUI8bRewypqHoTg6u3iIPr9Ros=
github.com/hugolify/hugolify-theme-publications-concerned v1.0.11/go.mod h1:SAxYCXVsDJ5lUHU/YRrTIVWATehPwdy9a1VHhmUP5dw=
github.com/hugolify/lawyerify-netlify-cms v1.1.1 h1:eEa7d1xbrPIrvVpPQgxDalPGYJ3HkizhDYmBFSqTOiE=
github.com/hugolify/lawyerify-netlify-cms v1.1.1/go.mod h1:y+9gvNPS+vnkLlKpjKNMMtdhEOuV+hlX/48VL8tBcRk=
github.com/hugolify/lawyerify-theme v1.1.2 h1:JjaUzwzGCfpzxvGh3PsIoV/O+Q/S9I0ihP/keKWIdIM=
github.com/hugolify/lawyerify-theme v1.1.2/go.mod h1:/gEZGRHrgKI/hpj3r+917MKDZOtUsIAd4YSf06/hxTI=
github.com/twbs/bootstrap v5.3.1+incompatible h1:VZq/ulwa2CvsK7F9LFzkCVLzaCkTYOVyW5c3FBICUsM=
github.com/twbs/bootstrap v5.3.1+incompatible/go.mod h1:fZTSrkpSf0/HkL0IIJzvVspTt1r9zuf7XlZau8kpcY0=
